
Microsoft Visual Studio Solution File, Format Version 12.00
# Visual Studio Version 17
VisualStudioVersion = 17.9.34607.119
MinimumVisualStudioVersion = 10.0.40219.1
Project("{FAE04EC0-301F-11D3-BF4B-00C04F79EFBC}") = "ParcialPrimerCorte", "Parcial\ParcialPrimerCorte.csproj", "{00FC76C4-AC4F-4B26-BB96-35434FDECF77}"
EndProject
Global
	GlobalSection(SolutionConfigurationPlatforms) = preSolution
		Debug|Any CPU = Debug|Any CPU
		Release|Any CPU = Release|Any CPU
	EndGlobalSection
	GlobalSection(ProjectConfigurationPlatforms) = postSolution
		{00FC76C4-AC4F-4B26-BB96-35434FDECF77}.Debug|Any CPU.ActiveCfg = Debug|Any CPU
		{00FC76C4-AC4F-4B26-BB96-35434FDECF77}.Debug|Any CPU.Build.0 = Debug|Any CPU
		{00FC76C4-AC4F-4B26-BB96-35434FDECF77}.Release|Any CPU.ActiveCfg = Release|Any CPU
		{00FC76C4-AC4F-4B26-BB96-35434FDECF77}.Release|Any CPU.Build.0 = Release|Any CPU
	EndGlobalSection
	GlobalSection(SolutionProperties) = preSolution
		HideSolutionNode = FALSE
	EndGlobalSection
	GlobalSection(ExtensibilityGlobals) = postSolution
		SolutionGuid = {D0488C8C-374F-49F8-A513-769EB3B3C260}
	EndGlobalSection
EndGlobal
